
Microsoft Visual Studio Solution File, Format Version 12.00
# Visual Studio Version 16
VisualStudioVersion = 16.0.30711.63
MinimumVisualStudioVersion = 10.0.40219.1
Project("{FAE04EC0-301F-11D3-BF4B-00C04F79EFBC}") = "test", "test\test.csproj", "{8F6615D7-EA9E-4074-AAA6-C8093E120A97}"
EndProject
Global
	GlobalSection(SolutionConfigurationPlatforms) = preSolution
		Debug|Any CPU = Debug|Any CPU
		Release|Any CPU = Release|Any CPU
	EndGlobalSection
	GlobalSection(ProjectConfigurationPlatforms) = postSolution
		{8F6615D7-EA9E-4074-AAA6-C8093E120A97}.Debug|Any CPU.ActiveCfg = Debug|Any CPU
		{8F6615D7-EA9E-4074-AAA6-C8093E120A97}.Debug|Any CPU.Build.0 = Debug|Any CPU
		{8F6615D7-EA9E-4074-AAA6-C8093E120A97}.Release|Any CPU.ActiveCfg = Release|Any CPU
		{8F6615D7-EA9E-4074-AAA6-C8093E120A97}.Release|Any CPU.Build.0 = Release|Any CPU
	EndGlobalSection
	GlobalSection(SolutionProperties) = preSolution
		HideSolutionNode = FALSE
	EndGlobalSection
	GlobalSection(ExtensibilityGlobals) = postSolution
		SolutionGuid = {99FAEC98-6DD8-42A8-872C-7B8954C2811A}
	EndGlobalSection
EndGlobal
